<?xml version="1.0" encoding="utf-8"?>
<Project ToolsVersion="4.0" xmlns="http://schemas.microsoft.com/developer/msbuild/2003">
  <ItemGroup>
    <ClCompile Include="LightningCore.cpp" />
    <ClCompile Include="main.cpp" />
    <ClCompile Include="LightningCPU.cpp" />
    <ClCompile Include="LightningIO.cpp" />
  </ItemGroup>
  <ItemGroup>
    <ClInclude Include="LightningCore.h" />
    <ClInclude Include="LightningCPU.h" />
    <ClInclude Include="LightningIO.h" />
  </ItemGroup>
</Project>